
Microsoft Visual Studio Solution File, Format Version 12.00
# Visual Studio Version 16
VisualStudioVersion = 16.0.30907.101
MinimumVisualStudioVersion = 10.0.40219.1
Project("{FAE04EC0-301F-11D3-BF4B-00C04F79EFBC}") = "PushService", "PushService\PushService.csproj", "{FA104D0A-3EF4-472E-BC09-06665DE67B67}"
EndProject
Global
	GlobalSection(SolutionConfigurationPlatforms) = preSolution
		Debug|Any CPU = Debug|Any CPU
		Release|Any CPU = Release|Any CPU
	EndGlobalSection
	GlobalSection(ProjectConfigurationPlatforms) = postSolution
		{FA104D0A-3EF4-472E-BC09-06665DE67B67}.Debug|Any CPU.ActiveCfg = Debug|Any CPU
		{FA104D0A-3EF4-472E-BC09-06665DE67B67}.Debug|Any CPU.Build.0 = Debug|Any CPU
		{FA104D0A-3EF4-472E-BC09-06665DE67B67}.Release|Any CPU.ActiveCfg = Release|Any CPU
		{FA104D0A-3EF4-472E-BC09-06665DE67B67}.Release|Any CPU.Build.0 = Release|Any CPU
	EndGlobalSection
	GlobalSection(SolutionProperties) = preSolution
		HideSolutionNode = FALSE
	EndGlobalSection
	GlobalSection(ExtensibilityGlobals) = postSolution
		SolutionGuid = {5CFF6B03-A5B7-4C98-9E32-E9FC48FE4241}
	EndGlobalSection
EndGlobal
